// !$*UTF8*$!
{
	archiveVersion = 1;
	classes = {
	};
	objectVersion = 48;
	objects = {

/* Begin PBXBuildFile section */
		289260301EF062DD0078572B /* main.swift in Sources */ = {isa = PBXBuildFile; fileRef = 2892602F1EF062DD0078572B /* main.swift */; };
		2892603D1EF062FE0078572B /* test.swift in Sources */ = {isa = PBXBuildFile; fileRef = 2892603C1EF062FE0078572B /* test.swift */; };
		28F4E2351EF0AB7700AFB99E /* ConfigSim.swift in Sources */ = {isa = PBXBuildFile; fileRef = 28F4E2331EF0AB7700AFB99E /* ConfigSim.swift */; };
		28F4E2361EF0AB7700AFB99E /* CpuSim.swift in Sources */ = {isa = PBXBuildFile; fileRef = 28F4E2341EF0AB7700AFB99E /* CpuSim.swift */; };
		28F4E23E1EF1EFA700AFB99E /* AppDelegate.swift in Sources */ = {isa = PBXBuildFile; fileRef = 28F4E23D1EF1EFA700AFB99E /* AppDelegate.swift */; };
		28F4E2401EF1EFA700AFB99E /* ViewController.swift in Sources */ = {isa = PBXBuildFile; fileRef = 28F4E23F1EF1EFA700AFB99E /* ViewController.swift */; };
		28F4E2421EF1EFA700AFB99E /* Assets.xcassets in Resources */ = {isa = PBXBuildFile; fileRef = 28F4E2411EF1EFA700AFB99E /* Assets.xcassets */; };
		28F4E2451EF1EFA700AFB99E /* Main.storyboard in Resources */ = {isa = PBXBuildFile; fileRef = 28F4E2431EF1EFA700AFB99E /* Main.storyboard */; };
		28F4E2501EF1EFA700AFB99E /* MacHackSimTests.swift in Sources */ = {isa = PBXBuildFile; fileRef = 28F4E24F1EF1EFA700AFB99E /* MacHackSimTests.swift */; };
		28F4E25B1EF1EFA700AFB99E /* MacHackSimUITests.swift in Sources */ = {isa = PBXBuildFile; fileRef = 28F4E25A1EF1EFA700AFB99E /* MacHackSimUITests.swift */; };
		28F4E2671EF21C4A00AFB99E /* ScreenView.swift in Sources */ = {isa = PBXBuildFile; fileRef = 28F4E2661EF21C4A00AFB99E /* ScreenView.swift */; };
		28F4E2691EF21CDA00AFB99E /* CpuView.swift in Sources */ = {isa = PBXBuildFile; fileRef = 28F4E2681EF21CDA00AFB99E /* CpuView.swift */; };
/* End PBXBuildFile section */

/* Begin PBXContainerItemProxy section */
		28F4E24C1EF1EFA700AFB99E /* PBXContainerItemProxy */ = {
			isa = PBXContainerItemProxy;
			containerPortal = 289260241EF062DD0078572B /* Project object */;
			proxyType = 1;
			remoteGlobalIDString = 28F4E23A1EF1EFA700AFB99E;
			remoteInfo = MacHackSim;
		};
		28F4E2571EF1EFA700AFB99E /* PBXContainerItemProxy */ = {
			isa = PBXContainerItemProxy;
			containerPortal = 289260241EF062DD0078572B /* Project object */;
			proxyType = 1;
			remoteGlobalIDString = 28F4E23A1EF1EFA700AFB99E;
			remoteInfo = MacHackSim;
		};
/* End PBXContainerItemProxy section */

/* Begin PBXCopyFilesBuildPhase section */
		2892602A1EF062DD0078572B /* CopyFiles */ = {
			isa = PBXCopyFilesBuildPhase;
			buildActionMask = 2147483647;
			dstPath = /usr/share/man/man1/;
			dstSubfolderSpec = 0;
			files = (
			);
			runOnlyForDeploymentPostprocessing = 1;
		};
/* End PBXCopyFilesBuildPhase section */

/* Begin PBXFileReference section */
		2892602C1EF062DD0078572B /* hacksim */ = {isa = PBXFileReference; explicitFileType = "compiled.mach-o.executable"; includeInIndex = 0; path = hacksim; sourceTree = BUILT_PRODUCTS_DIR; };
		2892602F1EF062DD0078572B /* main.swift */ = {isa = PBXFileReference; lastKnownFileType = sourcecode.swift; path = main.swift; sourceTree = "<group>"; };
		2892603A1EF062FE0078572B /* test.xctest */ = {isa = PBXFileReference; explicitFileType = wrapper.cfbundle; includeInIndex = 0; path = test.xctest; sourceTree = BUILT_PRODUCTS_DIR; };
		2892603C1EF062FE0078572B /* test.swift */ = {isa = PBXFileReference; lastKnownFileType = sourcecode.swift; path = test.swift; sourceTree = "<group>"; };
		2892603E1EF062FE0078572B /* Info.plist */ = {isa = PBXFileReference; lastKnownFileType = text.plist.xml; path = Info.plist; sourceTree = "<group>"; };
		28F4E2331EF0AB7700AFB99E /* ConfigSim.swift */ = {isa = PBXFileReference; lastKnownFileType = sourcecode.swift; path = ConfigSim.swift; sourceTree = "<group>"; };
		28F4E2341EF0AB7700AFB99E /* CpuSim.swift */ = {isa = PBXFileReference; lastKnownFileType = sourcecode.swift; path = CpuSim.swift; sourceTree = "<group>"; };
		28F4E23B1EF1EFA700AFB99E /* MacHackSim.app */ = {isa = PBXFileReference; explicitFileType = wrapper.application; includeInIndex = 0; path = MacHackSim.app; sourceTree = BUILT_PRODUCTS_DIR; };
		28F4E23D1EF1EFA700AFB99E /* AppDelegate.swift */ = {isa = PBXFileReference; lastKnownFileType = sourcecode.swift; path = AppDelegate.swift; sourceTree = "<group>"; };
		28F4E23F1EF1EFA700AFB99E /* ViewController.swift */ = {isa = PBXFileReference; lastKnownFileType = sourcecode.swift; path = ViewController.swift; sourceTree = "<group>"; };
		28F4E2411EF1EFA700AFB99E /* Assets.xcassets */ = {isa = PBXFileReference; lastKnownFileType = folder.assetcatalog; path = Assets.xcassets; sourceTree = "<group>"; };
		28F4E2441EF1EFA700AFB99E /* Base */ = {isa = PBXFileReference; lastKnownFileType = file.storyboard; name = Base; path = Base.lproj/Main.storyboard; sourceTree = "<group>"; };
		28F4E2461EF1EFA700AFB99E /* Info.plist */ = {isa = PBXFileReference; lastKnownFileType = text.plist.xml; path = Info.plist; sourceTree = "<group>"; };
		28F4E24B1EF1EFA700AFB99E /* MacHackSimTests.xctest */ = {isa = PBXFileReference; explicitFileType = wrapper.cfbundle; includeInIndex = 0; path = MacHackSimTests.xctest; sourceTree = BUILT_PRODUCTS_DIR; };
		28F4E24F1EF1EFA700AFB99E /* MacHackSimTests.swift */ = {isa = PBXFileReference; lastKnownFileType = sourcecode.swift; path = MacHackSimTests.swift; sourceTree = "<group>"; };
		28F4E2511EF1EFA700AFB99E /* Info.plist */ = {isa = PBXFileReference; lastKnownFileType = text.plist.xml; path = Info.plist; sourceTree = "<group>"; };
		28F4E2561EF1EFA700AFB99E /* MacHackSimUITests.xctest */ = {isa = PBXFileReference; explicitFileType = wrapper.cfbundle; includeInIndex = 0; path = MacHackSimUITests.xctest; sourceTree = BUILT_PRODUCTS_DIR; };
		28F4E25A1EF1EFA700AFB99E /* MacHackSimUITests.swift */ = {isa = PBXFileReference; lastKnownFileType = sourcecode.swift; path = MacHackSimUITests.swift; sourceTree = "<group>"; };
		28F4E25C1EF1EFA700AFB99E /* Info.plist */ = {isa = PBXFileReference; lastKnownFileType = text.plist.xml; path = Info.plist; sourceTree = "<group>"; };
		28F4E2661EF21C4A00AFB99E /* ScreenView.swift */ = {isa = PBXFileReference; fileEncoding = 4; lastKnownFileType = sourcecode.swift; path = ScreenView.swift; sourceTree = "<group>"; };
		28F4E2681EF21CDA00AFB99E /* CpuView.swift */ = {isa = PBXFileReference; fileEncoding = 4; lastKnownFileType = sourcecode.swift; path = CpuView.swift; sourceTree = "<group>"; };
/* End PBXFileReference section */

/* Begin PBXFrameworksBuildPhase section */
		289260291EF062DD0078572B /* Frameworks */ = {
			isa = PBXFrameworksBuildPhase;
			buildActionMask = 2147483647;
			files = (
			);
			runOnlyForDeploymentPostprocessing = 0;
		};
		289260371EF062FE0078572B /* Frameworks */ = {
			isa = PBXFrameworksBuildPhase;
			buildActionMask = 2147483647;
			files = (
			);
			runOnlyForDeploymentPostprocessing = 0;
		};
		28F4E2381EF1EFA700AFB99E /* Frameworks */ = {
			isa = PBXFrameworksBuildPhase;
			buildActionMask = 2147483647;
			files = (
			);
			runOnlyForDeploymentPostprocessing = 0;
		};
		28F4E2481EF1EFA700AFB99E /* Frameworks */ = {
			isa = PBXFrameworksBuildPhase;
			buildActionMask = 2147483647;
			files = (
			);
			runOnlyForDeploymentPostprocessing = 0;
		};
		28F4E2531EF1EFA700AFB99E /* Frameworks */ = {
			isa = PBXFrameworksBuildPhase;
			buildActionMask = 2147483647;
			files = (
			);
			runOnlyForDeploymentPostprocessing = 0;
		};
/* End PBXFrameworksBuildPhase section */

/* Begin PBXGroup section */
		289260231EF062DD0078572B = {
			isa = PBXGroup;
			children = (
				2892602E1EF062DD0078572B /* hacksim */,
				2892603B1EF062FE0078572B /* test */,
				28F4E23C1EF1EFA700AFB99E /* MacHackSim */,
				28F4E24E1EF1EFA700AFB99E /* MacHackSimTests */,
				28F4E2591EF1EFA700AFB99E /* MacHackSimUITests */,
				2892602D1EF062DD0078572B /* Products */,
			);
			sourceTree = "<group>";
		};
		2892602D1EF062DD0078572B /* Products */ = {
			isa = PBXGroup;
			children = (
				2892602C1EF062DD0078572B /* hacksim */,
				2892603A1EF062FE0078572B /* test.xctest */,
				28F4E23B1EF1EFA700AFB99E /* MacHackSim.app */,
				28F4E24B1EF1EFA700AFB99E /* MacHackSimTests.xctest */,
				28F4E2561EF1EFA700AFB99E /* MacHackSimUITests.xctest */,
			);
			name = Products;
			sourceTree = "<group>";
		};
		2892602E1EF062DD0078572B /* hacksim */ = {
			isa = PBXGroup;
			children = (
				28F4E2331EF0AB7700AFB99E /* ConfigSim.swift */,
				28F4E2341EF0AB7700AFB99E /* CpuSim.swift */,
				2892602F1EF062DD0078572B /* main.swift */,
			);
			path = hacksim;
			sourceTree = "<group>";
		};
		2892603B1EF062FE0078572B /* test */ = {
			isa = PBXGroup;
			children = (
				2892603C1EF062FE0078572B /* test.swift */,
				2892603E1EF062FE0078572B /* Info.plist */,
			);
			path = test;
			sourceTree = "<group>";
		};
		28F4E23C1EF1EFA700AFB99E /* MacHackSim */ = {
			isa = PBXGroup;
			children = (
				28F4E23D1EF1EFA700AFB99E /* AppDelegate.swift */,
				28F4E23F1EF1EFA700AFB99E /* ViewController.swift */,
				28F4E2411EF1EFA700AFB99E /* Assets.xcassets */,
				28F4E2431EF1EFA700AFB99E /* Main.storyboard */,
				28F4E2461EF1EFA700AFB99E /* Info.plist */,
				28F4E2661EF21C4A00AFB99E /* ScreenView.swift */,
				28F4E2681EF21CDA00AFB99E /* CpuView.swift */,
			);
			path = MacHackSim;
			sourceTree = "<group>";
		};
		28F4E24E1EF1EFA700AFB99E /* MacHackSimTests */ = {
			isa = PBXGroup;
			children = (
				28F4E24F1EF1EFA700AFB99E /* MacHackSimTests.swift */,
				28F4E2511EF1EFA700AFB99E /* Info.plist */,
			);
			path = MacHackSimTests;
			sourceTree = "<group>";
		};
		28F4E2591EF1EFA700AFB99E /* MacHackSimUITests */ = {
			isa = PBXGroup;
			children = (
				28F4E25A1EF1EFA700AFB99E /* MacHackSimUITests.swift */,
				28F4E25C1EF1EFA700AFB99E /* Info.plist */,
			);
			path = MacHackSimUITests;
			sourceTree = "<group>";
		};
/* End PBXGroup section */

/* Begin PBXNativeTarget section */
		2892602B1EF062DD0078572B /* hacksim */ = {
			isa = PBXNativeTarget;
			buildConfigurationList = 289260331EF062DD0078572B /* Build configuration list for PBXNativeTarget "hacksim" */;
			buildPhases = (
				289260281EF062DD0078572B /* Sources */,
				289260291EF062DD0078572B /* Frameworks */,
				2892602A1EF062DD0078572B /* CopyFiles */,
			);
			buildRules = (
			);
			dependencies = (
			);
			name = hacksim;
			productName = hacksim;
			productReference = 2892602C1EF062DD0078572B /* hacksim */;
			productType = "com.apple.product-type.tool";
		};
		289260391EF062FE0078572B /* test */ = {
			isa = PBXNativeTarget;
			buildConfigurationList = 2892603F1EF062FE0078572B /* Build configuration list for PBXNativeTarget "test" */;
			buildPhases = (
				289260361EF062FE0078572B /* Sources */,
				289260371EF062FE0078572B /* Frameworks */,
				289260381EF062FE0078572B /* Resources */,
			);
			buildRules = (
			);
			dependencies = (
			);
			name = test;
			productName = test;
			productReference = 2892603A1EF062FE0078572B /* test.xctest */;
			productType = "com.apple.product-type.bundle.unit-test";
		};
		28F4E23A1EF1EFA700AFB99E /* MacHackSim */ = {
			isa = PBXNativeTarget;
			buildConfigurationList = 28F4E25D1EF1EFA700AFB99E /* Build configuration list for PBXNativeTarget "MacHackSim" */;
			buildPhases = (
				28F4E2371EF1EFA700AFB99E /* Sources */,
				28F4E2381EF1EFA700AFB99E /* Frameworks */,
				28F4E2391EF1EFA700AFB99E /* Resources */,
			);
			buildRules = (
			);
			dependencies = (
			);
			name = MacHackSim;
			productName = MacHackSim;
			productReference = 28F4E23B1EF1EFA700AFB99E /* MacHackSim.app */;
			productType = "com.apple.product-type.application";
		};
		28F4E24A1EF1EFA700AFB99E /* MacHackSimTests */ = {
			isa = PBXNativeTarget;
			buildConfigurationList = 28F4E2601EF1EFA700AFB99E /* Build configuration list for PBXNativeTarget "MacHackSimTests" */;
			buildPhases = (
				28F4E2471EF1EFA700AFB99E /* Sources */,
				28F4E2481EF1EFA700AFB99E /* Frameworks */,
				28F4E2491EF1EFA700AFB99E /* Resources */,
			);
			buildRules = (
			);
			dependencies = (
				28F4E24D1EF1EFA700AFB99E /* PBXTargetDependency */,
			);
			name = MacHackSimTests;
			productName = MacHackSimTests;
			productReference = 28F4E24B1EF1EFA700AFB99E /* MacHackSimTests.xctest */;
			productType = "com.apple.product-type.bundle.unit-test";
		};
		28F4E2551EF1EFA700AFB99E /* MacHackSimUITests */ = {
			isa = PBXNativeTarget;
			buildConfigurationList = 28F4E2631EF1EFA700AFB99E /* Build configuration list for PBXNativeTarget "MacHackSimUITests" */;
			buildPhases = (
				28F4E2521EF1EFA700AFB99E /* Sources */,
				28F4E2531EF1EFA700AFB99E /* Frameworks */,
				28F4E2541EF1EFA700AFB99E /* Resources */,
			);
			buildRules = (
			);
			dependencies = (
				28F4E2581EF1EFA700AFB99E /* PBXTargetDependency */,
			);
			name = MacHackSimUITests;
			productName = MacHackSimUITests;
			productReference = 28F4E2561EF1EFA700AFB99E /* MacHackSimUITests.xctest */;
			productType = "com.apple.product-type.bundle.ui-testing";
		};
/* End PBXNativeTarget section */

/* Begin PBXProject section */
		289260241EF062DD0078572B /* Project object */ = {
			isa = PBXProject;
			attributes = {
				LastSwiftUpdateCheck = 0830;
				LastUpgradeCheck = 0830;
				ORGANIZATIONNAME = "Harry Culpan";
				TargetAttributes = {
					2892602B1EF062DD0078572B = {
						CreatedOnToolsVersion = 8.3.3;
						DevelopmentTeam = MJU8RT9X3R;
						ProvisioningStyle = Automatic;
					};
					289260391EF062FE0078572B = {
						CreatedOnToolsVersion = 8.3.3;
						DevelopmentTeam = MJU8RT9X3R;
						ProvisioningStyle = Automatic;
					};
					28F4E23A1EF1EFA700AFB99E = {
						CreatedOnToolsVersion = 8.3.3;
						ProvisioningStyle = Automatic;
					};
					28F4E24A1EF1EFA700AFB99E = {
						CreatedOnToolsVersion = 8.3.3;
						ProvisioningStyle = Automatic;
						TestTargetID = 28F4E23A1EF1EFA700AFB99E;
					};
					28F4E2551EF1EFA700AFB99E = {
						CreatedOnToolsVersion = 8.3.3;
						ProvisioningStyle = Automatic;
						TestTargetID = 28F4E23A1EF1EFA700AFB99E;
					};
				};
			};
			buildConfigurationList = 289260271EF062DD0078572B /* Build configuration list for PBXProject "hacksim" */;
			compatibilityVersion = "Xcode 8.0";
			developmentRegion = English;
			hasScannedForEncodings = 0;
			knownRegions = (
				en,
				Base,
			);
			mainGroup = 289260231EF062DD0078572B;
			productRefGroup = 2892602D1EF062DD0078572B /* Products */;
			projectDirPath = "";
			projectRoot = "";
			targets = (
				2892602B1EF062DD0078572B /* hacksim */,
				289260391EF062FE0078572B /* test */,
				28F4E23A1EF1EFA700AFB99E /* MacHackSim */,
				28F4E24A1EF1EFA700AFB99E /* MacHackSimTests */,
				28F4E2551EF1EFA700AFB99E /* MacHackSimUITests */,
			);
		};
/* End PBXProject section */

/* Begin PBXResourcesBuildPhase section */
		289260381EF062FE0078572B /* Resources */ = {
			isa = PBXResourcesBuildPhase;
			buildActionMask = 2147483647;
			files = (
			);
			runOnlyForDeploymentPostprocessing = 0;
		};
		28F4E2391EF1EFA700AFB99E /* Resources */ = {
			isa = PBXResourcesBuildPhase;
			buildActionMask = 2147483647;
			files = (
				28F4E2421EF1EFA700AFB99E /* Assets.xcassets in Resources */,
				28F4E2451EF1EFA700AFB99E /* Main.storyboard in Resources */,
			);
			runOnlyForDeploymentPostprocessing = 0;
		};
		28F4E2491EF1EFA700AFB99E /* Resources */ = {
			isa = PBXResourcesBuildPhase;
			buildActionMask = 2147483647;
			files = (
			);
			runOnlyForDeploymentPostprocessing = 0;
		};
		28F4E2541EF1EFA700AFB99E /* Resources */ = {
			isa = PBXResourcesBuildPhase;
			buildActionMask = 2147483647;
			files = (
			);
			runOnlyForDeploymentPostprocessing = 0;
		};
/* End PBXResourcesBuildPhase section */

/* Begin PBXSourcesBuildPhase section */
		289260281EF062DD0078572B /* Sources */ = {
			isa = PBXSourcesBuildPhase;
			buildActionMask = 2147483647;
			files = (
				28F4E2351EF0AB7700AFB99E /* ConfigSim.swift in Sources */,
				28F4E2361EF0AB7700AFB99E /* CpuSim.swift in Sources */,
				289260301EF062DD0078572B /* main.swift in Sources */,
			);
			runOnlyForDeploymentPostprocessing = 0;
		};
		289260361EF062FE0078572B /* Sources */ = {
			isa = PBXSourcesBuildPhase;
			buildActionMask = 2147483647;
			files = (
				2892603D1EF062FE0078572B /* test.swift in Sources */,
			);
			runOnlyForDeploymentPostprocessing = 0;
		};
		28F4E2371EF1EFA700AFB99E /* Sources */ = {
			isa = PBXSourcesBuildPhase;
			buildActionMask = 2147483647;
			files = (
				28F4E2401EF1EFA700AFB99E /* ViewController.swift in Sources */,
				28F4E23E1EF1EFA700AFB99E /* AppDelegate.swift in Sources */,
				28F4E2671EF21C4A00AFB99E /* ScreenView.swift in Sources */,
				28F4E2691EF21CDA00AFB99E /* CpuView.swift in Sources */,
			);
			runOnlyForDeploymentPostprocessing = 0;
		};
		28F4E2471EF1EFA700AFB99E /* Sources */ = {
			isa = PBXSourcesBuildPhase;
			buildActionMask = 2147483647;
			files = (
				28F4E2501EF1EFA700AFB99E /* MacHackSimTests.swift in Sources */,
			);
			runOnlyForDeploymentPostprocessing = 0;
		};
		28F4E2521EF1EFA700AFB99E /* Sources */ = {
			isa = PBXSourcesBuildPhase;
			buildActionMask = 2147483647;
			files = (
				28F4E25B1EF1EFA700AFB99E /* MacHackSimUITests.swift in Sources */,
			);
			runOnlyForDeploymentPostprocessing = 0;
		};
/* End PBXSourcesBuildPhase section */

/* Begin PBXTargetDependency section */
		28F4E24D1EF1EFA700AFB99E /* PBXTargetDependency */ = {
			isa = PBXTargetDependency;
			target = 28F4E23A1EF1EFA700AFB99E /* MacHackSim */;
			targetProxy = 28F4E24C1EF1EFA700AFB99E /* PBXContainerItemProxy */;
		};
		28F4E2581EF1EFA700AFB99E /* PBXTargetDependency */ = {
			isa = PBXTargetDependency;
			target = 28F4E23A1EF1EFA700AFB99E /* MacHackSim */;
			targetProxy = 28F4E2571EF1EFA700AFB99E /* PBXContainerItemProxy */;
		};
/* End PBXTargetDependency section */

/* Begin PBXVariantGroup section */
		28F4E2431EF1EFA700AFB99E /* Main.storyboard */ = {
			isa = PBXVariantGroup;
			children = (
				28F4E2441EF1EFA700AFB99E /* Base */,
			);
			name = Main.storyboard;
			sourceTree = "<group>";
		};
/* End PBXVariantGroup section */

/* Begin XCBuildConfiguration section */
		289260311EF062DD0078572B /* Debug */ = {
			isa = XCBuildConfiguration;
			buildSettings = {
				ALWAYS_SEARCH_USER_PATHS = NO;
				CLANG_ANALYZER_NONNULL = YES;
				CLANG_ANALYZER_NUMBER_OBJECT_CONVERSION = YES_AGGRESSIVE;
				CLANG_CXX_LANGUAGE_STANDARD = "gnu++0x";
				CLANG_CXX_LIBRARY = "libc++";
				CLANG_ENABLE_MODULES = YES;
				CLANG_ENABLE_OBJC_ARC = YES;
				CLANG_WARN_BOOL_CONVERSION = YES;
				CLANG_WARN_CONSTANT_CONVERSION = YES;
				CLANG_WARN_DIRECT_OBJC_ISA_USAGE = YES_ERROR;
				CLANG_WARN_DOCUMENTATION_COMMENTS = YES;
				CLANG_WARN_EMPTY_BODY = YES;
				CLANG_WARN_ENUM_CONVERSION = YES;
				CLANG_WARN_INFINITE_RECURSION = YES;
				CLANG_WARN_INT_CONVERSION = YES;
				CLANG_WARN_OBJC_ROOT_CLASS = YES_ERROR;
				CLANG_WARN_SUSPICIOUS_MOVE = YES;
				CLANG_WARN_UNREACHABLE_CODE = YES;
				CLANG_WARN__DUPLICATE_METHOD_MATCH = YES;
				CODE_SIGN_IDENTITY = "-";
				COPY_PHASE_STRIP = NO;
				DEBUG_INFORMATION_FORMAT = dwarf;
				ENABLE_STRICT_OBJC_MSGSEND = YES;
				ENABLE_TESTABILITY = YES;
				GCC_C_LANGUAGE_STANDARD = gnu99;
				GCC_DYNAMIC_NO_PIC = NO;
				GCC_NO_COMMON_BLOCKS = YES;
				GCC_OPTIMIZATION_LEVEL = 0;
				GCC_PREPROCESSOR_DEFINITIONS = (
					"DEBUG=1",
					"$(inherited)",
				);
				GCC_WARN_64_TO_32_BIT_CONVERSION = YES;
				GCC_WARN_ABOUT_RETURN_TYPE = YES_ERROR;
				GCC_WARN_UNDECLARED_SELECTOR = YES;
				GCC_WARN_UNINITIALIZED_AUTOS = YES_AGGRESSIVE;
				GCC_WARN_UNUSED_FUNCTION = YES;
				GCC_WARN_UNUSED_VARIABLE = YES;
				MACOSX_DEPLOYMENT_TARGET = 10.12;
				MTL_ENABLE_DEBUG_INFO = YES;
				ONLY_ACTIVE_ARCH = YES;
				SDKROOT = macosx;
				SWIFT_OPTIMIZATION_LEVEL = "-Onone";
			};
			name = Debug;
		};
		289260321EF062DD0078572B /* Release */ = {
			isa = XCBuildConfiguration;
			buildSettings = {
				ALWAYS_SEARCH_USER_PATHS = NO;
				CLANG_ANALYZER_NONNULL = YES;
				CLANG_ANALYZER_NUMBER_OBJECT_CONVERSION = YES_AGGRESSIVE;
				CLANG_CXX_LANGUAGE_STANDARD = "gnu++0x";
				CLANG_CXX_LIBRARY = "libc++";
				CLANG_ENABLE_MODULES = YES;
				CLANG_ENABLE_OBJC_ARC = YES;
				CLANG_WARN_BOOL_CONVERSION = YES;
				CLANG_WARN_CONSTANT_CONVERSION = YES;
				CLANG_WARN_DIRECT_OBJC_ISA_USAGE = YES_ERROR;
				CLANG_WARN_DOCUMENTATION_COMMENTS = YES;
				CLANG_WARN_EMPTY_BODY = YES;
				CLANG_WARN_ENUM_CONVERSION = YES;
				CLANG_WARN_INFINITE_RECURSION = YES;
				CLANG_WARN_INT_CONVERSION = YES;
				CLANG_WARN_OBJC_ROOT_CLASS = YES_ERROR;
				CLANG_WARN_SUSPICIOUS_MOVE = YES;
				CLANG_WARN_UNREACHABLE_CODE = YES;
				CLANG_WARN__DUPLICATE_METHOD_MATCH = YES;
				CODE_SIGN_IDENTITY = "-";
				COPY_PHASE_STRIP = NO;
				DEBUG_INFORMATION_FORMAT = "dwarf-with-dsym";
				ENABLE_NS_ASSERTIONS = NO;
				ENABLE_STRICT_OBJC_MSGSEND = YES;
				GCC_C_LANGUAGE_STANDARD = gnu99;
				GCC_NO_COMMON_BLOCKS = YES;
				GCC_WARN_64_TO_32_BIT_CONVERSION = YES;
				GCC_WARN_ABOUT_RETURN_TYPE = YES_ERROR;
				GCC_WARN_UNDECLARED_SELECTOR = YES;
				GCC_WARN_UNINITIALIZED_AUTOS = YES_AGGRESSIVE;
				GCC_WARN_UNUSED_FUNCTION = YES;
				GCC_WARN_UNUSED_VARIABLE = YES;
				MACOSX_DEPLOYMENT_TARGET = 10.12;
				MTL_ENABLE_DEBUG_INFO = NO;
				SDKROOT = macosx;
			};
			name = Release;
		};
		289260341EF062DD0078572B /* Debug */ = {
			isa = XCBuildConfiguration;
			buildSettings = {
				DEVELOPMENT_TEAM = MJU8RT9X3R;
				PRODUCT_NAME = "$(TARGET_NAME)";
				SWIFT_VERSION = 3.0;
			};
			name = Debug;
		};
		289260351EF062DD0078572B /* Release */ = {
			isa = XCBuildConfiguration;
			buildSettings = {
				DEVELOPMENT_TEAM = MJU8RT9X3R;
				PRODUCT_NAME = "$(TARGET_NAME)";
				SWIFT_VERSION = 3.0;
			};
			name = Release;
		};
		289260401EF062FE0078572B /* Debug */ = {
			isa = XCBuildConfiguration;
			buildSettings = {
				COMBINE_HIDPI_IMAGES = YES;
				DEVELOPMENT_TEAM = MJU8RT9X3R;
				INFOPLIST_FILE = test/Info.plist;
				LD_RUNPATH_SEARCH_PATHS = "$(inherited) @executable_path/../Frameworks @loader_path/../Frameworks";
				PRODUCT_BUNDLE_IDENTIFIER = org.culpan.test;
				PRODUCT_NAME = "$(TARGET_NAME)";
				SWIFT_ACTIVE_COMPILATION_CONDITIONS = DEBUG;
				SWIFT_VERSION = 3.0;
			};
			name = Debug;
		};
		289260411EF062FE0078572B /* Release */ = {
			isa = XCBuildConfiguration;
			buildSettings = {
				COMBINE_HIDPI_IMAGES = YES;
				DEVELOPMENT_TEAM = MJU8RT9X3R;
				INFOPLIST_FILE = test/Info.plist;
				LD_RUNPATH_SEARCH_PATHS = "$(inherited) @executable_path/../Frameworks @loader_path/../Frameworks";
				PRODUCT_BUNDLE_IDENTIFIER = org.culpan.test;
				PRODUCT_NAME = "$(TARGET_NAME)";
				SWIFT_OPTIMIZATION_LEVEL = "-Owholemodule";
				SWIFT_VERSION = 3.0;
			};
			name = Release;
		};
		28F4E25E1EF1EFA700AFB99E /* Debug */ = {
			isa = XCBuildConfiguration;
			buildSettings = {
				ASSETCATALOG_COMPILER_APPICON_NAME = AppIcon;
				COMBINE_HIDPI_IMAGES = YES;
				INFOPLIST_FILE = MacHackSim/Info.plist;
				LD_RUNPATH_SEARCH_PATHS = "$(inherited) @executable_path/../Frameworks";
				PRODUCT_BUNDLE_IDENTIFIER = org.culpan.MacHackSim;
				PRODUCT_NAME = "$(TARGET_NAME)";
				SWIFT_ACTIVE_COMPILATION_CONDITIONS = DEBUG;
				SWIFT_VERSION = 3.0;
			};
			name = Debug;
		};
		28F4E25F1EF1EFA700AFB99E /* Release */ = {
			isa = XCBuildConfiguration;
			buildSettings = {
				ASSETCATALOG_COMPILER_APPICON_NAME = AppIcon;
				COMBINE_HIDPI_IMAGES = YES;
				INFOPLIST_FILE = MacHackSim/Info.plist;
				LD_RUNPATH_SEARCH_PATHS = "$(inherited) @executable_path/../Frameworks";
				PRODUCT_BUNDLE_IDENTIFIER = org.culpan.MacHackSim;
				PRODUCT_NAME = "$(TARGET_NAME)";
				SWIFT_OPTIMIZATION_LEVEL = "-Owholemodule";
				SWIFT_VERSION = 3.0;
			};
			name = Release;
		};
		28F4E2611EF1EFA700AFB99E /* Debug */ = {
			isa = XCBuildConfiguration;
			buildSettings = {
				ALWAYS_EMBED_SWIFT_STANDARD_LIBRARIES = YES;
				BUNDLE_LOADER = "$(TEST_HOST)";
				COMBINE_HIDPI_IMAGES = YES;
				INFOPLIST_FILE = MacHackSimTests/Info.plist;
				LD_RUNPATH_SEARCH_PATHS = "$(inherited) @executable_path/../Frameworks @loader_path/../Frameworks";
				PRODUCT_BUNDLE_IDENTIFIER = org.culpan.MacHackSimTests;
				PRODUCT_NAME = "$(TARGET_NAME)";
				SWIFT_ACTIVE_COMPILATION_CONDITIONS = DEBUG;
				SWIFT_VERSION = 3.0;
				TEST_HOST = "$(BUILT_PRODUCTS_DIR)/MacHackSim.app/Contents/MacOS/MacHackSim";
			};
			name = Debug;
		};
		28F4E2621EF1EFA700AFB99E /* Release */ = {
			isa = XCBuildConfiguration;
			buildSettings = {
				ALWAYS_EMBED_SWIFT_STANDARD_LIBRARIES = YES;
				BUNDLE_LOADER = "$(TEST_HOST)";
				COMBINE_HIDPI_IMAGES = YES;
				INFOPLIST_FILE = MacHackSimTests/Info.plist;
				LD_RUNPATH_SEARCH_PATHS = "$(inherited) @executable_path/../Frameworks @loader_path/../Frameworks";
				PRODUCT_BUNDLE_IDENTIFIER = org.culpan.MacHackSimTests;
				PRODUCT_NAME = "$(TARGET_NAME)";
				SWIFT_OPTIMIZATION_LEVEL = "-Owholemodule";
				SWIFT_VERSION = 3.0;
				TEST_HOST = "$(BUILT_PRODUCTS_DIR)/MacHackSim.app/Contents/MacOS/MacHackSim";
			};
			name = Release;
		};
		28F4E2641EF1EFA700AFB99E /* Debug */ = {
			isa = XCBuildConfiguration;
			buildSettings = {
				ALWAYS_EMBED_SWIFT_STANDARD_LIBRARIES = YES;
				COMBINE_HIDPI_IMAGES = YES;
				INFOPLIST_FILE = MacHackSimUITests/Info.plist;
				LD_RUNPATH_SEARCH_PATHS = "$(inherited) @executable_path/../Frameworks @loader_path/../Frameworks";
				PRODUCT_BUNDLE_IDENTIFIER = org.culpan.MacHackSimUITests;
				PRODUCT_NAME = "$(TARGET_NAME)";
				SWIFT_ACTIVE_COMPILATION_CONDITIONS = DEBUG;
				SWIFT_VERSION = 3.0;
				TEST_TARGET_NAME = MacHackSim;
			};
			name = Debug;
		};
		28F4E2651EF1EFA700AFB99E /* Release */ = {
			isa = XCBuildConfiguration;
			buildSettings = {
				ALWAYS_EMBED_SWIFT_STANDARD_LIBRARIES = YES;
				COMBINE_HIDPI_IMAGES = YES;
				INFOPLIST_FILE = MacHackSimUITests/Info.plist;
				LD_RUNPATH_SEARCH_PATHS = "$(inherited) @executable_path/../Frameworks @loader_path/../Frameworks";
				PRODUCT_BUNDLE_IDENTIFIER = org.culpan.MacHackSimUITests;
				PRODUCT_NAME = "$(TARGET_NAME)";
				SWIFT_OPTIMIZATION_LEVEL = "-Owholemodule";
				SWIFT_VERSION = 3.0;
				TEST_TARGET_NAME = MacHackSim;
			};
			name = Release;
		};
/* End XCBuildConfiguration section */

/* Begin XCConfigurationList section */
		289260271EF062DD0078572B /* Build configuration list for PBXProject "hacksim" */ = {
			isa = XCConfigurationList;
			buildConfigurations = (
				289260311EF062DD0078572B /* Debug */,
				289260321EF062DD0078572B /* Release */,
			);
			defaultConfigurationIsVisible = 0;
			defaultConfigurationName = Release;
		};
		289260331EF062DD0078572B /* Build configuration list for PBXNativeTarget "hacksim" */ = {
			isa = XCConfigurationList;
			buildConfigurations = (
				289260341EF062DD0078572B /* Debug */,
				289260351EF062DD0078572B /* Release */,
			);
			defaultConfigurationIsVisible = 0;
			defaultConfigurationName = Release;
		};
		2892603F1EF062FE0078572B /* Build configuration list for PBXNativeTarget "test" */ = {
			isa = XCConfigurationList;
			buildConfigurations = (
				289260401EF062FE0078572B /* Debug */,
				289260411EF062FE0078572B /* Release */,
			);
			defaultConfigurationIsVisible = 0;
			defaultConfigurationName = Release;
		};
		28F4E25D1EF1EFA700AFB99E /* Build configuration list for PBXNativeTarget "MacHackSim" */ = {
			isa = XCConfigurationList;
			buildConfigurations = (
				28F4E25E1EF1EFA700AFB99E /* Debug */,
				28F4E25F1EF1EFA700AFB99E /* Release */,
			);
			defaultConfigurationIsVisible = 0;
		};
		28F4E2601EF1EFA700AFB99E /* Build configuration list for PBXNativeTarget "MacHackSimTests" */ = {
			isa = XCConfigurationList;
			buildConfigurations = (
				28F4E2611EF1EFA700AFB99E /* Debug */,
				28F4E2621EF1EFA700AFB99E /* Release */,
			);
			defaultConfigurationIsVisible = 0;
		};
		28F4E2631EF1EFA700AFB99E /* Build configuration list for PBXNativeTarget "MacHackSimUITests" */ = {
			isa = XCConfigurationList;
			buildConfigurations = (
				28F4E2641EF1EFA700AFB99E /* Debug */,
				28F4E2651EF1EFA700AFB99E /* Release */,
			);
			defaultConfigurationIsVisible = 0;
		};
/* End XCConfigurationList section */
	};
	rootObject = 289260241EF062DD0078572B /* Project object */;
}
